
Microsoft Visual Studio Solution File, Format Version 12.00
# Visual Studio Version 17
VisualStudioVersion = 17.3.32825.248
MinimumVisualStudioVersion = 10.0.40219.1
Project("{888888A0-9F3D-457C-B088-3A5042F75D52}") = "RecursionPractice", "RecursionPractice\RecursionPractice.pyproj", "{EF1D23D7-9A5F-44F2-A6E6-28DB1D9EAC64}"
EndProject
Global
	GlobalSection(SolutionConfigurationPlatforms) = preSolution
		Debug|Any CPU = Debug|Any CPU
		Release|Any CPU = Release|Any CPU
	EndGlobalSection
	GlobalSection(ProjectConfigurationPlatforms) = postSolution
		{EF1D23D7-9A5F-44F2-A6E6-28DB1D9EAC64}.Debug|Any CPU.ActiveCfg = Debug|Any CPU
		{EF1D23D7-9A5F-44F2-A6E6-28DB1D9EAC64}.Release|Any CPU.ActiveCfg = Release|Any CPU
	EndGlobalSection
	GlobalSection(SolutionProperties) = preSolution
		HideSolutionNode = FALSE
	EndGlobalSection
	GlobalSection(ExtensibilityGlobals) = postSolution
		SolutionGuid = {36834D23-FE13-4DAF-9E1C-5114E5959E1D}
	EndGlobalSection
EndGlobal
